
Microsoft Visual Studio Solution File, Format Version 12.00
Project("{2150E333-8FDC-42A3-9474-1A3956D46DE8}") = "src", "src", "{16C4B635-9C19-4F43-870A-6758AD78C899}"
EndProject
Project("{FAE04EC0-301F-11D3-BF4B-00C04F79EFBC}") = "SDPApp.Core", "src\SDPApp.Core\SDPApp.Core.csproj", "{785C7F1B-0077-4246-8381-790271A40F01}"
EndProject
Global
	GlobalSection(SolutionConfigurationPlatforms) = preSolution
		Debug|Any CPU = Debug|Any CPU
		Release|Any CPU = Release|Any CPU
	EndGlobalSection
	GlobalSection(NestedProjects) = preSolution
		{785C7F1B-0077-4246-8381-790271A40F01} = {16C4B635-9C19-4F43-870A-6758AD78C899}
	EndGlobalSection
	GlobalSection(ProjectConfigurationPlatforms) = postSolution
		{785C7F1B-0077-4246-8381-790271A40F01}.Debug|Any CPU.ActiveCfg = Debug|Any CPU
		{785C7F1B-0077-4246-8381-790271A40F01}.Debug|Any CPU.Build.0 = Debug|Any CPU
		{785C7F1B-0077-4246-8381-790271A40F01}.Release|Any CPU.ActiveCfg = Release|Any CPU
		{785C7F1B-0077-4246-8381-790271A40F01}.Release|Any CPU.Build.0 = Release|Any CPU
	EndGlobalSection
EndGlobal
